// !$*UTF8*$!
{
	archiveVersion = 1;
	classes = {
	};
	objectVersion = 51;
	objects = {

/* Begin PBXBuildFile section */
		34286BE223C618A800B64630 /* AppDelegate.swift in Sources */ = {isa = PBXBuildFile; fileRef = 34286BE123C618A800B64630 /* AppDelegate.swift */; };
		34286BE623C618A800B64630 /* ViewController.swift in Sources */ = {isa = PBXBuildFile; fileRef = 34286BE523C618A800B64630 /* ViewController.swift */; };
		34286BE923C618A800B64630 /* Main.storyboard in Resources */ = {isa = PBXBuildFile; fileRef = 34286BE723C618A800B64630 /* Main.storyboard */; };
		34286BEB23C618AA00B64630 /* Assets.xcassets in Resources */ = {isa = PBXBuildFile; fileRef = 34286BEA23C618AA00B64630 /* Assets.xcassets */; };
		34286BEE23C618AA00B64630 /* LaunchScreen.storyboard in Resources */ = {isa = PBXBuildFile; fileRef = 34286BEC23C618AA00B64630 /* LaunchScreen.storyboard */; };
		70F626780F5D7D280FEB75EB /* Pods_JetBeepDeviceSDKDemo.framework in Frameworks */ = {isa = PBXBuildFile; fileRef = 5C67E259D51EB5C4494816FA /* Pods_JetBeepDeviceSDKDemo.framework */; };
/* End PBXBuildFile section */

/* Begin PBXFileReference section */
		34286BDE23C618A800B64630 /* JetBeepDeviceSDKDemo.app */ = {isa = PBXFileReference; explicitFileType = wrapper.application; includeInIndex = 0; path = JetBeepDeviceSDKDemo.app; sourceTree = BUILT_PRODUCTS_DIR; };
		34286BE123C618A800B64630 /* AppDelegate.swift */ = {isa = PBXFileReference; lastKnownFileType = sourcecode.swift; path = AppDelegate.swift; sourceTree = "<group>"; };
		34286BE523C618A800B64630 /* ViewController.swift */ = {isa = PBXFileReference; lastKnownFileType = sourcecode.swift; path = ViewController.swift; sourceTree = "<group>"; };
		34286BE823C618A800B64630 /* Base */ = {isa = PBXFileReference; lastKnownFileType = file.storyboard; name = Base; path = Base.lproj/Main.storyboard; sourceTree = "<group>"; };
		34286BEA23C618AA00B64630 /* Assets.xcassets */ = {isa = PBXFileReference; lastKnownFileType = folder.assetcatalog; path = Assets.xcassets; sourceTree = "<group>"; };
		34286BED23C618AA00B64630 /* Base */ = {isa = PBXFileReference; lastKnownFileType = file.storyboard; name = Base; path = Base.lproj/LaunchScreen.storyboard; sourceTree = "<group>"; };
		34286BEF23C618AA00B64630 /* Info.plist */ = {isa = PBXFileReference; lastKnownFileType = text.plist.xml; path = Info.plist; sourceTree = "<group>"; };
		35C852812C5C2AED19E62FF5 /* Pods-JetBeepDeviceSDKDemo.release.xcconfig */ = {isa = PBXFileReference; includeInIndex = 1; lastKnownFileType = text.xcconfig; name = "Pods-JetBeepDeviceSDKDemo.release.xcconfig"; path = "Target Support Files/Pods-JetBeepDeviceSDKDemo/Pods-JetBeepDeviceSDKDemo.release.xcconfig"; sourceTree = "<group>"; };
		5C67E259D51EB5C4494816FA /* Pods_JetBeepDeviceSDKDemo.framework */ = {isa = PBXFileReference; explicitFileType = wrapper.framework; includeInIndex = 0; path = Pods_JetBeepDeviceSDKDemo.framework; sourceTree = BUILT_PRODUCTS_DIR; };
		F2DEB2085C75F1F038521EB6 /* Pods-JetBeepDeviceSDKDemo.debug.xcconfig */ = {isa = PBXFileReference; includeInIndex = 1; lastKnownFileType = text.xcconfig; name = "Pods-JetBeepDeviceSDKDemo.debug.xcconfig"; path = "Target Support Files/Pods-JetBeepDeviceSDKDemo/Pods-JetBeepDeviceSDKDemo.debug.xcconfig"; sourceTree = "<group>"; };
/* End PBXFileReference section */

/* Begin PBXFrameworksBuildPhase section */
		34286BDB23C618A800B64630 /* Frameworks */ = {
			isa = PBXFrameworksBuildPhase;
			buildActionMask = 2147483647;
			files = (
				70F626780F5D7D280FEB75EB /* Pods_JetBeepDeviceSDKDemo.framework in Frameworks */,
			);
			runOnlyForDeploymentPostprocessing = 0;
		};
/* End PBXFrameworksBuildPhase section */

/* Begin PBXGroup section */
		02F8F5594C95E9A372634BD9 /* Frameworks */ = {
			isa = PBXGroup;
			children = (
				5C67E259D51EB5C4494816FA /* Pods_JetBeepDeviceSDKDemo.framework */,
			);
			name = Frameworks;
			sourceTree = "<group>";
		};
		34286BD523C618A800B64630 = {
			isa = PBXGroup;
			children = (
				34286BE023C618A800B64630 /* JetBeepDeviceSDKDemo */,
				34286BDF23C618A800B64630 /* Products */,
				DD36594A1C025601DC7F5E42 /* Pods */,
				02F8F5594C95E9A372634BD9 /* Frameworks */,
			);
			sourceTree = "<group>";
		};
		34286BDF23C618A800B64630 /* Products */ = {
			isa = PBXGroup;
			children = (
				34286BDE23C618A800B64630 /* JetBeepDeviceSDKDemo.app */,
			);
			name = Products;
			sourceTree = "<group>";
		};
		34286BE023C618A800B64630 /* JetBeepDeviceSDKDemo */ = {
			isa = PBXGroup;
			children = (
				34286BE123C618A800B64630 /* AppDelegate.swift */,
				34286BE523C618A800B64630 /* ViewController.swift */,
				34286BE723C618A800B64630 /* Main.storyboard */,
				34286BEA23C618AA00B64630 /* Assets.xcassets */,
				34286BEC23C618AA00B64630 /* LaunchScreen.storyboard */,
				34286BEF23C618AA00B64630 /* Info.plist */,
			);
			path = JetBeepDeviceSDKDemo;
			sourceTree = "<group>";
		};
		DD36594A1C025601DC7F5E42 /* Pods */ = {
			isa = PBXGroup;
			children = (
				F2DEB2085C75F1F038521EB6 /* Pods-JetBeepDeviceSDKDemo.debug.xcconfig */,
				35C852812C5C2AED19E62FF5 /* Pods-JetBeepDeviceSDKDemo.release.xcconfig */,
			);
			path = Pods;
			sourceTree = "<group>";
		};
/* End PBXGroup section */

/* Begin PBXNativeTarget section */
		34286BDD23C618A800B64630 /* JetBeepDeviceSDKDemo */ = {
			isa = PBXNativeTarget;
			buildConfigurationList = 34286BF223C618AA00B64630 /* Build configuration list for PBXNativeTarget "JetBeepDeviceSDKDemo" */;
			buildPhases = (
				A3F5D7DC51595AA690120C9F /* [CP] Check Pods Manifest.lock */,
				34286BDA23C618A800B64630 /* Sources */,
				34286BDB23C618A800B64630 /* Frameworks */,
				34286BDC23C618A800B64630 /* Resources */,
			);
			buildRules = (
			);
			dependencies = (
			);
			name = JetBeepDeviceSDKDemo;
			productName = JetBeepDeviceSDKDemo;
			productReference = 34286BDE23C618A800B64630 /* JetBeepDeviceSDKDemo.app */;
			productType = "com.apple.product-type.application";
		};
/* End PBXNativeTarget section */

/* Begin PBXProject section */
		34286BD623C618A800B64630 /* Project object */ = {
			isa = PBXProject;
			attributes = {
				LastSwiftUpdateCheck = 1130;
				LastUpgradeCheck = 1130;
				ORGANIZATIONNAME = JetBeep;
				TargetAttributes = {
					34286BDD23C618A800B64630 = {
						CreatedOnToolsVersion = 11.3;
					};
				};
			};
			buildConfigurationList = 34286BD923C618A800B64630 /* Build configuration list for PBXProject "JetBeepDeviceSDKDemo" */;
			compatibilityVersion = "Xcode 9.3";
			developmentRegion = en;
			hasScannedForEncodings = 0;
			knownRegions = (
				en,
				Base,
			);
			mainGroup = 34286BD523C618A800B64630;
			productRefGroup = 34286BDF23C618A800B64630 /* Products */;
			projectDirPath = "";
			projectRoot = "";
			targets = (
				34286BDD23C618A800B64630 /* JetBeepDeviceSDKDemo */,
			);
		};
/* End PBXProject section */

/* Begin PBXResourcesBuildPhase section */
		34286BDC23C618A800B64630 /* Resources */ = {
			isa = PBXResourcesBuildPhase;
			buildActionMask = 2147483647;
			files = (
				34286BEE23C618AA00B64630 /* LaunchScreen.storyboard in Resources */,
				34286BEB23C618AA00B64630 /* Assets.xcassets in Resources */,
				34286BE923C618A800B64630 /* Main.storyboard in Resources */,
			);
			runOnlyForDeploymentPostprocessing = 0;
		};
/* End PBXResourcesBuildPhase section */

/* Begin PBXShellScriptBuildPhase section */
		A3F5D7DC51595AA690120C9F /* [CP] Check Pods Manifest.lock */ = {
			isa = PBXShellScriptBuildPhase;
			buildActionMask = 2147483647;
			files = (
			);
			inputFileListPaths = (
			);
			inputPaths = (
				"${PODS_PODFILE_DIR_PATH}/Podfile.lock",
				"${PODS_ROOT}/Manifest.lock",
			);
			name = "[CP] Check Pods Manifest.lock";
			outputFileListPaths = (
			);
			outputPaths = (
				"$(DERIVED_FILE_DIR)/Pods-JetBeepDeviceSDKDemo-checkManifestLockResult.txt",
			);
			runOnlyForDeploymentPostprocessing = 0;
			shellPath = /bin/sh;
			shellScript = "diff \"${PODS_PODFILE_DIR_PATH}/Podfile.lock\" \"${PODS_ROOT}/Manifest.lock\" > /dev/null\nif [ $? != 0 ] ; then\n    # print error to STDERR\n    echo \"error: The sandbox is not in sync with the Podfile.lock. Run 'pod install' or update your CocoaPods installation.\" >&2\n    exit 1\nfi\n# This output is used by Xcode 'outputs' to avoid re-running this script phase.\necho \"SUCCESS\" > \"${SCRIPT_OUTPUT_FILE_0}\"\n";
			showEnvVarsInLog = 0;
		};
/* End PBXShellScriptBuildPhase section */

/* Begin PBXSourcesBuildPhase section */
		34286BDA23C618A800B64630 /* Sources */ = {
			isa = PBXSourcesBuildPhase;
			buildActionMask = 2147483647;
			files = (
				34286BE623C618A800B64630 /* ViewController.swift in Sources */,
				34286BE223C618A800B64630 /* AppDelegate.swift in Sources */,
			);
			runOnlyForDeploymentPostprocessing = 0;
		};
/* End PBXSourcesBuildPhase section */

/* Begin PBXVariantGroup section */
		34286BE723C618A800B64630 /* Main.storyboard */ = {
			isa = PBXVariantGroup;
			children = (
				34286BE823C618A800B64630 /* Base */,
			);
			name = Main.storyboard;
			sourceTree = "<group>";
		};
		34286BEC23C618AA00B64630 /* LaunchScreen.storyboard */ = {
			isa = PBXVariantGroup;
			children = (
				34286BED23C618AA00B64630 /* Base */,
			);
			name = LaunchScreen.storyboard;
			sourceTree = "<group>";
		};
/* End PBXVariantGroup section */

/* Begin XCBuildConfiguration section */
		34286BF023C618AA00B64630 /* Debug */ = {
			isa = XCBuildConfiguration;
			buildSettings = {
				ALWAYS_SEARCH_USER_PATHS = NO;
				CLANG_ANALYZER_NONNULL = YES;
				CLANG_ANALYZER_NUMBER_OBJECT_CONVERSION = YES_AGGRESSIVE;
				CLANG_CXX_LANGUAGE_STANDARD = "gnu++14";
				CLANG_CXX_LIBRARY = "libc++";
				CLANG_ENABLE_MODULES = YES;
				CLANG_ENABLE_OBJC_ARC = YES;
				CLANG_ENABLE_OBJC_WEAK = YES;
				CLANG_WARN_BLOCK_CAPTURE_AUTORELEASING = YES;
				CLANG_WARN_BOOL_CONVERSION = YES;
				CLANG_WARN_COMMA = YES;
				CLANG_WARN_CONSTANT_CONVERSION = YES;
				CLANG_WARN_DEPRECATED_OBJC_IMPLEMENTATIONS = YES;
				CLANG_WARN_DIRECT_OBJC_ISA_USAGE = YES_ERROR;
				CLANG_WARN_DOCUMENTATION_COMMENTS = YES;
				CLANG_WARN_EMPTY_BODY = YES;
				CLANG_WARN_ENUM_CONVERSION = YES;
				CLANG_WARN_INFINITE_RECURSION = YES;
				CLANG_WARN_INT_CONVERSION = YES;
				CLANG_WARN_NON_LITERAL_NULL_CONVERSION = YES;
				CLANG_WARN_OBJC_IMPLICIT_RETAIN_SELF = YES;
				CLANG_WARN_OBJC_LITERAL_CONVERSION = YES;
				CLANG_WARN_OBJC_ROOT_CLASS = YES_ERROR;
				CLANG_WARN_RANGE_LOOP_ANALYSIS = YES;
				CLANG_WARN_STRICT_PROTOTYPES = YES;
				CLANG_WARN_SUSPICIOUS_MOVE = YES;
				CLANG_WARN_UNGUARDED_AVAILABILITY = YES_AGGRESSIVE;
				CLANG_WARN_UNREACHABLE_CODE = YES;
				CLANG_WARN__DUPLICATE_METHOD_MATCH = YES;
				COPY_PHASE_STRIP = NO;
				DEBUG_INFORMATION_FORMAT = dwarf;
				ENABLE_STRICT_OBJC_MSGSEND = YES;
				ENABLE_TESTABILITY = YES;
				GCC_C_LANGUAGE_STANDARD = gnu11;
				GCC_DYNAMIC_NO_PIC = NO;
				GCC_NO_COMMON_BLOCKS = YES;
				GCC_OPTIMIZATION_LEVEL = 0;
				GCC_PREPROCESSOR_DEFINITIONS = (
					"DEBUG=1",
					"$(inherited)",
				);
				GCC_WARN_64_TO_32_BIT_CONVERSION = YES;
				GCC_WARN_ABOUT_RETURN_TYPE = YES_ERROR;
				GCC_WARN_UNDECLARED_SELECTOR = YES;
				GCC_WARN_UNINITIALIZED_AUTOS = YES_AGGRESSIVE;
				GCC_WARN_UNUSED_FUNCTION = YES;
				GCC_WARN_UNUSED_VARIABLE = YES;
				IPHONEOS_DEPLOYMENT_TARGET = 13.2;
				MTL_ENABLE_DEBUG_INFO = INCLUDE_SOURCE;
				MTL_FAST_MATH = YES;
				ONLY_ACTIVE_ARCH = YES;
				SDKROOT = iphoneos;
				SWIFT_ACTIVE_COMPILATION_CONDITIONS = DEBUG;
				SWIFT_OPTIMIZATION_LEVEL = "-Onone";
			};
			name = Debug;
		};
		34286BF123C618AA00B64630 /* Release */ = {
			isa = XCBuildConfiguration;
			buildSettings = {
				ALWAYS_SEARCH_USER_PATHS = NO;
				CLANG_ANALYZER_NONNULL = YES;
				CLANG_ANALYZER_NUMBER_OBJECT_CONVERSION = YES_AGGRESSIVE;
				CLANG_CXX_LANGUAGE_STANDARD = "gnu++14";
				CLANG_CXX_LIBRARY = "libc++";
				CLANG_ENABLE_MODULES = YES;
				CLANG_ENABLE_OBJC_ARC = YES;
				CLANG_ENABLE_OBJC_WEAK = YES;
				CLANG_WARN_BLOCK_CAPTURE_AUTORELEASING = YES;
				CLANG_WARN_BOOL_CONVERSION = YES;
				CLANG_WARN_COMMA = YES;
				CLANG_WARN_CONSTANT_CONVERSION = YES;
				CLANG_WARN_DEPRECATED_OBJC_IMPLEMENTATIONS = YES;
				CLANG_WARN_DIRECT_OBJC_ISA_USAGE = YES_ERROR;
				CLANG_WARN_DOCUMENTATION_COMMENTS = YES;
				CLANG_WARN_EMPTY_BODY = YES;
				CLANG_WARN_ENUM_CONVERSION = YES;
				CLANG_WARN_INFINITE_RECURSION = YES;
				CLANG_WARN_INT_CONVERSION = YES;
				CLANG_WARN_NON_LITERAL_NULL_CONVERSION = YES;
				CLANG_WARN_OBJC_IMPLICIT_RETAIN_SELF = YES;
				CLANG_WARN_OBJC_LITERAL_CONVERSION = YES;
				CLANG_WARN_OBJC_ROOT_CLASS = YES_ERROR;
				CLANG_WARN_RANGE_LOOP_ANALYSIS = YES;
				CLANG_WARN_STRICT_PROTOTYPES = YES;
				CLANG_WARN_SUSPICIOUS_MOVE = YES;
				CLANG_WARN_UNGUARDED_AVAILABILITY = YES_AGGRESSIVE;
				CLANG_WARN_UNREACHABLE_CODE = YES;
				CLANG_WARN__DUPLICATE_METHOD_MATCH = YES;
				COPY_PHASE_STRIP = NO;
				DEBUG_INFORMATION_FORMAT = "dwarf-with-dsym";
				ENABLE_NS_ASSERTIONS = NO;
				ENABLE_STRICT_OBJC_MSGSEND = YES;
				GCC_C_LANGUAGE_STANDARD = gnu11;
				GCC_NO_COMMON_BLOCKS = YES;
				GCC_WARN_64_TO_32_BIT_CONVERSION = YES;
				GCC_WARN_ABOUT_RETURN_TYPE = YES_ERROR;
				GCC_WARN_UNDECLARED_SELECTOR = YES;
				GCC_WARN_UNINITIALIZED_AUTOS = YES_AGGRESSIVE;
				GCC_WARN_UNUSED_FUNCTION = YES;
				GCC_WARN_UNUSED_VARIABLE = YES;
				IPHONEOS_DEPLOYMENT_TARGET = 13.2;
				MTL_ENABLE_DEBUG_INFO = NO;
				MTL_FAST_MATH = YES;
				SDKROOT = iphoneos;
				SWIFT_COMPILATION_MODE = wholemodule;
				SWIFT_OPTIMIZATION_LEVEL = "-O";
				VALIDATE_PRODUCT = YES;
			};
			name = Release;
		};
		34286BF323C618AA00B64630 /* Debug */ = {
			isa = XCBuildConfiguration;
			baseConfigurationReference = F2DEB2085C75F1F038521EB6 /* Pods-JetBeepDeviceSDKDemo.debug.xcconfig */;
			buildSettings = {
				ASSETCATALOG_COMPILER_APPICON_NAME = AppIcon;
				CODE_SIGN_STYLE = Automatic;
				DEVELOPMENT_TEAM = 2AUX883V6A;
				INFOPLIST_FILE = JetBeepDeviceSDKDemo/Info.plist;
				IPHONEOS_DEPLOYMENT_TARGET = 10.0;
				LD_RUNPATH_SEARCH_PATHS = (
					"$(inherited)",
					"@executable_path/Frameworks",
				);
				PRODUCT_BUNDLE_IDENTIFIER = com.jetBeep.JetBeepDeviceSDKDemo;
				PRODUCT_NAME = "$(TARGET_NAME)";
				SWIFT_VERSION = 5.0;
				TARGETED_DEVICE_FAMILY = "1,2";
			};
			name = Debug;
		};
		34286BF423C618AA00B64630 /* Release */ = {
			isa = XCBuildConfiguration;
			baseConfigurationReference = 35C852812C5C2AED19E62FF5 /* Pods-JetBeepDeviceSDKDemo.release.xcconfig */;
			buildSettings = {
				ASSETCATALOG_COMPILER_APPICON_NAME = AppIcon;
				CODE_SIGN_STYLE = Automatic;
				DEVELOPMENT_TEAM = 2AUX883V6A;
				INFOPLIST_FILE = JetBeepDeviceSDKDemo/Info.plist;
				IPHONEOS_DEPLOYMENT_TARGET = 10.0;
				LD_RUNPATH_SEARCH_PATHS = (
					"$(inherited)",
					"@executable_path/Frameworks",
				);
				PRODUCT_BUNDLE_IDENTIFIER = com.jetBeep.JetBeepDeviceSDKDemo;
				PRODUCT_NAME = "$(TARGET_NAME)";
				SWIFT_VERSION = 5.0;
				TARGETED_DEVICE_FAMILY = "1,2";
			};
			name = Release;
		};
/* End XCBuildConfiguration section */

/* Begin XCConfigurationList section */
		34286BD923C618A800B64630 /* Build configuration list for PBXProject "JetBeepDeviceSDKDemo" */ = {
			isa = XCConfigurationList;
			buildConfigurations = (
				34286BF023C618AA00B64630 /* Debug */,
				34286BF123C618AA00B64630 /* Release */,
			);
			defaultConfigurationIsVisible = 0;
			defaultConfigurationName = Release;
		};
		34286BF223C618AA00B64630 /* Build configuration list for PBXNativeTarget "JetBeepDeviceSDKDemo" */ = {
			isa = XCConfigurationList;
			buildConfigurations = (
				34286BF323C618AA00B64630 /* Debug */,
				34286BF423C618AA00B64630 /* Release */,
			);
			defaultConfigurationIsVisible = 0;
			defaultConfigurationName = Release;
		};
/* End XCConfigurationList section */
	};
	rootObject = 34286BD623C618A800B64630 /* Project object */;
}
